
Microsoft Visual Studio Solution File, Format Version 12.00
# Visual Studio Version 17
VisualStudioVersion = 17.8.34322.80
MinimumVisualStudioVersion = 10.0.40219.1
Project("{FAE04EC0-301F-11D3-BF4B-00C04F79EFBC}") = "تمرین 3", "تمرین 3\تمرین 3.csproj", "{4C2DF8BD-9171-4355-8FDC-E2E253FB9E49}"
EndProject
Global
	GlobalSection(SolutionConfigurationPlatforms) = preSolution
		Debug|Any CPU = Debug|Any CPU
		Release|Any CPU = Release|Any CPU
	EndGlobalSection
	GlobalSection(ProjectConfigurationPlatforms) = postSolution
		{4C2DF8BD-9171-4355-8FDC-E2E253FB9E49}.Debug|Any CPU.ActiveCfg = Debug|Any CPU
		{4C2DF8BD-9171-4355-8FDC-E2E253FB9E49}.Debug|Any CPU.Build.0 = Debug|Any CPU
		{4C2DF8BD-9171-4355-8FDC-E2E253FB9E49}.Release|Any CPU.ActiveCfg = Release|Any CPU
		{4C2DF8BD-9171-4355-8FDC-E2E253FB9E49}.Release|Any CPU.Build.0 = Release|Any CPU
	EndGlobalSection
	GlobalSection(SolutionProperties) = preSolution
		HideSolutionNode = FALSE
	EndGlobalSection
	GlobalSection(ExtensibilityGlobals) = postSolution
		SolutionGuid = {7FB239ED-C3E5-4D34-A4FC-3EDD781B14DB}
	EndGlobalSection
EndGlobal
