
Microsoft Visual Studio Solution File, Format Version 12.00
# Visual Studio Version 17
VisualStudioVersion = 17.8.34322.80
MinimumVisualStudioVersion = 10.0.40219.1
Project("{FAE04EC0-301F-11D3-BF4B-00C04F79EFBC}") = "تمرین 2-2", "تمرین 2-2\تمرین 2-2.csproj", "{7E254858-6D67-444B-89F1-C7AAFA971B6F}"
EndProject
Global
	GlobalSection(SolutionConfigurationPlatforms) = preSolution
		Debug|Any CPU = Debug|Any CPU
		Release|Any CPU = Release|Any CPU
	EndGlobalSection
	GlobalSection(ProjectConfigurationPlatforms) = postSolution
		{7E254858-6D67-444B-89F1-C7AAFA971B6F}.Debug|Any CPU.ActiveCfg = Debug|Any CPU
		{7E254858-6D67-444B-89F1-C7AAFA971B6F}.Debug|Any CPU.Build.0 = Debug|Any CPU
		{7E254858-6D67-444B-89F1-C7AAFA971B6F}.Release|Any CPU.ActiveCfg = Release|Any CPU
		{7E254858-6D67-444B-89F1-C7AAFA971B6F}.Release|Any CPU.Build.0 = Release|Any CPU
	EndGlobalSection
	GlobalSection(SolutionProperties) = preSolution
		HideSolutionNode = FALSE
	EndGlobalSection
	GlobalSection(ExtensibilityGlobals) = postSolution
		SolutionGuid = {BD3C0D60-E08F-4526-8B81-D1EB30BEF25A}
	EndGlobalSection
EndGlobal
